
Microsoft Visual Studio Solution File, Format Version 12.00
# Visual Studio Version 17
VisualStudioVersion = 17.2.32616.157
MinimumVisualStudioVersion = 10.0.40219.1
Project("{9A19103F-16F7-4668-BE54-9A1E7A4F7556}") = "CustomerManagementSystem", "CustomerManagementSystem\CustomerManagementSystem.csproj", "{22C47F49-BB37-4A3E-B777-76F43CF7CE52}"
EndProject
Project("{FAE04EC0-301F-11D3-BF4B-00C04F79EFBC}") = "CMS.DataAccess", "CMS.DataAccess\CMS.DataAccess.csproj", "{15EE3C1C-307C-4EAE-A13A-4EB07991F2F0}"
EndProject
Project("{FAE04EC0-301F-11D3-BF4B-00C04F79EFBC}") = "CMS.Models", "CMS.Models\CMS.Models.csproj", "{DBDD2F64-42FE-4628-BC19-DB36E5280CCD}"
EndProject
Project("{FAE04EC0-301F-11D3-BF4B-00C04F79EFBC}") = "CMS.Utility", "CMS.Utility\CMS.Utility.csproj", "{F8FA3E2C-D7C0-4353-9351-C130E5B73747}"
EndProject
Global
	GlobalSection(SolutionConfigurationPlatforms) = preSolution
		Debug|Any CPU = Debug|Any CPU
		Release|Any CPU = Release|Any CPU
	EndGlobalSection
	GlobalSection(ProjectConfigurationPlatforms) = postSolution
		{22C47F49-BB37-4A3E-B777-76F43CF7CE52}.Debug|Any CPU.ActiveCfg = Debug|Any CPU
		{22C47F49-BB37-4A3E-B777-76F43CF7CE52}.Debug|Any CPU.Build.0 = Debug|Any CPU
		{22C47F49-BB37-4A3E-B777-76F43CF7CE52}.Release|Any CPU.ActiveCfg = Release|Any CPU
		{22C47F49-BB37-4A3E-B777-76F43CF7CE52}.Release|Any CPU.Build.0 = Release|Any CPU
		{15EE3C1C-307C-4EAE-A13A-4EB07991F2F0}.Debug|Any CPU.ActiveCfg = Debug|Any CPU
		{15EE3C1C-307C-4EAE-A13A-4EB07991F2F0}.Debug|Any CPU.Build.0 = Debug|Any CPU
		{15EE3C1C-307C-4EAE-A13A-4EB07991F2F0}.Release|Any CPU.ActiveCfg = Release|Any CPU
		{15EE3C1C-307C-4EAE-A13A-4EB07991F2F0}.Release|Any CPU.Build.0 = Release|Any CPU
		{DBDD2F64-42FE-4628-BC19-DB36E5280CCD}.Debug|Any CPU.ActiveCfg = Debug|Any CPU
		{DBDD2F64-42FE-4628-BC19-DB36E5280CCD}.Debug|Any CPU.Build.0 = Debug|Any CPU
		{DBDD2F64-42FE-4628-BC19-DB36E5280CCD}.Release|Any CPU.ActiveCfg = Release|Any CPU
		{DBDD2F64-42FE-4628-BC19-DB36E5280CCD}.Release|Any CPU.Build.0 = Release|Any CPU
		{F8FA3E2C-D7C0-4353-9351-C130E5B73747}.Debug|Any CPU.ActiveCfg = Debug|Any CPU
		{F8FA3E2C-D7C0-4353-9351-C130E5B73747}.Debug|Any CPU.Build.0 = Debug|Any CPU
		{F8FA3E2C-D7C0-4353-9351-C130E5B73747}.Release|Any CPU.ActiveCfg = Release|Any CPU
		{F8FA3E2C-D7C0-4353-9351-C130E5B73747}.Release|Any CPU.Build.0 = Release|Any CPU
	EndGlobalSection
	GlobalSection(SolutionProperties) = preSolution
		HideSolutionNode = FALSE
	EndGlobalSection
	GlobalSection(ExtensibilityGlobals) = postSolution
		SolutionGuid = {A01EBBCA-9F39-472E-B20D-FB861C2E75FA}
	EndGlobalSection
EndGlobal
